
Microsoft Visual Studio Solution File, Format Version 12.00
# Visual Studio 2012
Project("{FAE04EC0-301F-11D3-BF4B-00C04F79EFBC}") = "UnityVS.Uprising.CSharp", "UnityVS.Uprising.CSharp.csproj", "{B9345608-D9BC-AB6A-C060-15989FC2007F}"
EndProject
Project("{FAE04EC0-301F-11D3-BF4B-00C04F79EFBC}") = "UnityVS.Uprising.CSharp.Editor", "UnityVS.Uprising.CSharp.Editor.csproj", "{23740CED-A028-F403-318F-AFDD01876802}"
EndProject
Global
	GlobalSection(SolutionConfigurationPlatforms) = preSolution
		Debug|Any CPU = Debug|Any CPU
		Release|Any CPU = Release|Any CPU
	EndGlobalSection
	GlobalSection(ProjectConfigurationPlatforms) = postSolution
		{B9345608-D9BC-AB6A-C060-15989FC2007F}.Debug|Any CPU.ActiveCfg = Debug|Any CPU
		{B9345608-D9BC-AB6A-C060-15989FC2007F}.Debug|Any CPU.Build.0 = Debug|Any CPU
		{B9345608-D9BC-AB6A-C060-15989FC2007F}.Release|Any CPU.ActiveCfg = Release|Any CPU
		{B9345608-D9BC-AB6A-C060-15989FC2007F}.Release|Any CPU.Build.0 = Release|Any CPU
		{23740CED-A028-F403-318F-AFDD01876802}.Debug|Any CPU.ActiveCfg = Debug|Any CPU
		{23740CED-A028-F403-318F-AFDD01876802}.Debug|Any CPU.Build.0 = Debug|Any CPU
		{23740CED-A028-F403-318F-AFDD01876802}.Release|Any CPU.ActiveCfg = Release|Any CPU
		{23740CED-A028-F403-318F-AFDD01876802}.Release|Any CPU.Build.0 = Release|Any CPU
	EndGlobalSection
	GlobalSection(SolutionProperties) = preSolution
		HideSolutionNode = FALSE
	EndGlobalSection
EndGlobal
